PODS:
  - YYUtility (0.1.0):
    - YYUtility/CommonCrypto (= 0.1.0)
    - YYUtility/Extension (= 0.1.0)
    - YYUtility/Utils (= 0.1.0)
  - YYUtility/CommonCrypto (0.1.0)
  - YYUtility/Extension (0.1.0)
  - YYUtility/Utils (0.1.0)

DEPENDENCIES:
  - YYUtility (from `../`)

EXTERNAL SOURCES:
  YYUtility:
    :path: "../"

SPEC CHECKSUMS:
  YYUtility: 8d785b4f75a305d6be41deea03c4d87e44131e4c

PODFILE CHECKSUM: a04ad18ef703b507dff517a84781fe3e7d9df431

COCOAPODS: 1.11.0
